// !$*UTF8*$!
{
	archiveVersion = 1;
	classes = {
	};
	objectVersion = 50;
	objects = {

/* Begin PBXBuildFile section */
		4B5279FB248C850500387FDD /* AppDelegate.swift in Sources */ = {isa = PBXBuildFile; fileRef = 4B5279FA248C850500387FDD /* AppDelegate.swift */; };
		4B5279FD248C850500387FDD /* SceneDelegate.swift in Sources */ = {isa = PBXBuildFile; fileRef = 4B5279FC248C850500387FDD /* SceneDelegate.swift */; };
		4B5279FF248C850500387FDD /* ViewController.swift in Sources */ = {isa = PBXBuildFile; fileRef = 4B5279FE248C850500387FDD /* ViewController.swift */; };
		4B527A02248C850500387FDD /* Main.storyboard in Resources */ = {isa = PBXBuildFile; fileRef = 4B527A00248C850500387FDD /* Main.storyboard */; };
		4B527A04248C850600387FDD /* Assets.xcassets in Resources */ = {isa = PBXBuildFile; fileRef = 4B527A03248C850600387FDD /* Assets.xcassets */; };
		4B527A07248C850600387FDD /* LaunchScreen.storyboard in Resources */ = {isa = PBXBuildFile; fileRef = 4B527A05248C850600387FDD /* LaunchScreen.storyboard */; };
		4B527A12248C850600387FDD /* PopImageExampleUITests.swift in Sources */ = {isa = PBXBuildFile; fileRef = 4B527A11248C850600387FDD /* PopImageExampleUITests.swift */; };
/* End PBXBuildFile section */

/* Begin PBXContainerItemProxy section */
		4B527A0E248C850600387FDD /* PBXContainerItemProxy */ = {
			isa = PBXContainerItemProxy;
			containerPortal = 4B5279EF248C850500387FDD /* Project object */;
			proxyType = 1;
			remoteGlobalIDString = 4B5279F6248C850500387FDD;
			remoteInfo = PopImageExample;
		};
/* End PBXContainerItemProxy section */

/* Begin PBXFileReference section */
		4B5279F7248C850500387FDD /* PopImageExample.app */ = {isa = PBXFileReference; explicitFileType = wrapper.application; includeInIndex = 0; path = PopImageExample.app; sourceTree = BUILT_PRODUCTS_DIR; };
		4B5279FA248C850500387FDD /* AppDelegate.swift */ = {isa = PBXFileReference; lastKnownFileType = sourcecode.swift; path = AppDelegate.swift; sourceTree = "<group>"; };
		4B5279FC248C850500387FDD /* SceneDelegate.swift */ = {isa = PBXFileReference; lastKnownFileType = sourcecode.swift; path = SceneDelegate.swift; sourceTree = "<group>"; };
		4B5279FE248C850500387FDD /* ViewController.swift */ = {isa = PBXFileReference; lastKnownFileType = sourcecode.swift; path = ViewController.swift; sourceTree = "<group>"; };
		4B527A01248C850500387FDD /* Base */ = {isa = PBXFileReference; lastKnownFileType = file.storyboard; name = Base; path = Base.lproj/Main.storyboard; sourceTree = "<group>"; };
		4B527A03248C850600387FDD /* Assets.xcassets */ = {isa = PBXFileReference; lastKnownFileType = folder.assetcatalog; path = Assets.xcassets; sourceTree = "<group>"; };
		4B527A06248C850600387FDD /* Base */ = {isa = PBXFileReference; lastKnownFileType = file.storyboard; name = Base; path = Base.lproj/LaunchScreen.storyboard; sourceTree = "<group>"; };
		4B527A08248C850600387FDD /* Info.plist */ = {isa = PBXFileReference; lastKnownFileType = text.plist.xml; path = Info.plist; sourceTree = "<group>"; };
		4B527A0D248C850600387FDD /* PopImageExampleUITests.xctest */ = {isa = PBXFileReference; explicitFileType = wrapper.cfbundle; includeInIndex = 0; path = PopImageExampleUITests.xctest; sourceTree = BUILT_PRODUCTS_DIR; };
		4B527A11248C850600387FDD /* PopImageExampleUITests.swift */ = {isa = PBXFileReference; lastKnownFileType = sourcecode.swift; path = PopImageExampleUITests.swift; sourceTree = "<group>"; };
		4B527A13248C850600387FDD /* Info.plist */ = {isa = PBXFileReference; lastKnownFileType = text.plist.xml; path = Info.plist; sourceTree = "<group>"; };
/* End PBXFileReference section */

/* Begin PBXFrameworksBuildPhase section */
		4B5279F4248C850500387FDD /* Frameworks */ = {
			isa = PBXFrameworksBuildPhase;
			buildActionMask = 2147483647;
			files = (
			);
			runOnlyForDeploymentPostprocessing = 0;
		};
		4B527A0A248C850600387FDD /* Frameworks */ = {
			isa = PBXFrameworksBuildPhase;
			buildActionMask = 2147483647;
			files = (
			);
			runOnlyForDeploymentPostprocessing = 0;
		};
/* End PBXFrameworksBuildPhase section */

/* Begin PBXGroup section */
		4B5279EE248C850500387FDD = {
			isa = PBXGroup;
			children = (
				4B5279F9248C850500387FDD /* PopImageExample */,
				4B527A10248C850600387FDD /* PopImageExampleUITests */,
				4B5279F8248C850500387FDD /* Products */,
			);
			sourceTree = "<group>";
		};
		4B5279F8248C850500387FDD /* Products */ = {
			isa = PBXGroup;
			children = (
				4B5279F7248C850500387FDD /* PopImageExample.app */,
				4B527A0D248C850600387FDD /* PopImageExampleUITests.xctest */,
			);
			name = Products;
			sourceTree = "<group>";
		};
		4B5279F9248C850500387FDD /* PopImageExample */ = {
			isa = PBXGroup;
			children = (
				4B5279FA248C850500387FDD /* AppDelegate.swift */,
				4B5279FC248C850500387FDD /* SceneDelegate.swift */,
				4B5279FE248C850500387FDD /* ViewController.swift */,
				4B527A00248C850500387FDD /* Main.storyboard */,
				4B527A03248C850600387FDD /* Assets.xcassets */,
				4B527A05248C850600387FDD /* LaunchScreen.storyboard */,
				4B527A08248C850600387FDD /* Info.plist */,
			);
			path = PopImageExample;
			sourceTree = "<group>";
		};
		4B527A10248C850600387FDD /* PopImageExampleUITests */ = {
			isa = PBXGroup;
			children = (
				4B527A11248C850600387FDD /* PopImageExampleUITests.swift */,
				4B527A13248C850600387FDD /* Info.plist */,
			);
			path = PopImageExampleUITests;
			sourceTree = "<group>";
		};
/* End PBXGroup section */

/* Begin PBXNativeTarget section */
		4B5279F6248C850500387FDD /* PopImageExample */ = {
			isa = PBXNativeTarget;
			buildConfigurationList = 4B527A16248C850600387FDD /* Build configuration list for PBXNativeTarget "PopImageExample" */;
			buildPhases = (
				4B5279F3248C850500387FDD /* Sources */,
				4B5279F4248C850500387FDD /* Frameworks */,
				4B5279F5248C850500387FDD /* Resources */,
			);
			buildRules = (
			);
			dependencies = (
			);
			name = PopImageExample;
			productName = PopImageExample;
			productReference = 4B5279F7248C850500387FDD /* PopImageExample.app */;
			productType = "com.apple.product-type.application";
		};
		4B527A0C248C850600387FDD /* PopImageExampleUITests */ = {
			isa = PBXNativeTarget;
			buildConfigurationList = 4B527A19248C850600387FDD /* Build configuration list for PBXNativeTarget "PopImageExampleUITests" */;
			buildPhases = (
				4B527A09248C850600387FDD /* Sources */,
				4B527A0A248C850600387FDD /* Frameworks */,
				4B527A0B248C850600387FDD /* Resources */,
			);
			buildRules = (
			);
			dependencies = (
				4B527A0F248C850600387FDD /* PBXTargetDependency */,
			);
			name = PopImageExampleUITests;
			productName = PopImageExampleUITests;
			productReference = 4B527A0D248C850600387FDD /* PopImageExampleUITests.xctest */;
			productType = "com.apple.product-type.bundle.ui-testing";
		};
/* End PBXNativeTarget section */

/* Begin PBXProject section */
		4B5279EF248C850500387FDD /* Project object */ = {
			isa = PBXProject;
			attributes = {
				LastSwiftUpdateCheck = 1100;
				LastUpgradeCheck = 1100;
				ORGANIZATIONNAME = "CJ Willis";
				TargetAttributes = {
					4B5279F6248C850500387FDD = {
						CreatedOnToolsVersion = 11.0;
					};
					4B527A0C248C850600387FDD = {
						CreatedOnToolsVersion = 11.0;
						TestTargetID = 4B5279F6248C850500387FDD;
					};
				};
			};
			buildConfigurationList = 4B5279F2248C850500387FDD /* Build configuration list for PBXProject "PopImageExample" */;
			compatibilityVersion = "Xcode 9.3";
			developmentRegion = en;
			hasScannedForEncodings = 0;
			knownRegions = (
				en,
				Base,
			);
			mainGroup = 4B5279EE248C850500387FDD;
			productRefGroup = 4B5279F8248C850500387FDD /* Products */;
			projectDirPath = "";
			projectRoot = "";
			targets = (
				4B5279F6248C850500387FDD /* PopImageExample */,
				4B527A0C248C850600387FDD /* PopImageExampleUITests */,
			);
		};
/* End PBXProject section */

/* Begin PBXResourcesBuildPhase section */
		4B5279F5248C850500387FDD /* Resources */ = {
			isa = PBXResourcesBuildPhase;
			buildActionMask = 2147483647;
			files = (
				4B527A07248C850600387FDD /* LaunchScreen.storyboard in Resources */,
				4B527A04248C850600387FDD /* Assets.xcassets in Resources */,
				4B527A02248C850500387FDD /* Main.storyboard in Resources */,
			);
			runOnlyForDeploymentPostprocessing = 0;
		};
		4B527A0B248C850600387FDD /* Resources */ = {
			isa = PBXResourcesBuildPhase;
			buildActionMask = 2147483647;
			files = (
			);
			runOnlyForDeploymentPostprocessing = 0;
		};
/* End PBXResourcesBuildPhase section */

/* Begin PBXSourcesBuildPhase section */
		4B5279F3248C850500387FDD /* Sources */ = {
			isa = PBXSourcesBuildPhase;
			buildActionMask = 2147483647;
			files = (
				4B5279FF248C850500387FDD /* ViewController.swift in Sources */,
				4B5279FB248C850500387FDD /* AppDelegate.swift in Sources */,
				4B5279FD248C850500387FDD /* SceneDelegate.swift in Sources */,
			);
			runOnlyForDeploymentPostprocessing = 0;
		};
		4B527A09248C850600387FDD /* Sources */ = {
			isa = PBXSourcesBuildPhase;
			buildActionMask = 2147483647;
			files = (
				4B527A12248C850600387FDD /* PopImageExampleUITests.swift in Sources */,
			);
			runOnlyForDeploymentPostprocessing = 0;
		};
/* End PBXSourcesBuildPhase section */

/* Begin PBXTargetDependency section */
		4B527A0F248C850600387FDD /* PBXTargetDependency */ = {
			isa = PBXTargetDependency;
			target = 4B5279F6248C850500387FDD /* PopImageExample */;
			targetProxy = 4B527A0E248C850600387FDD /* PBXContainerItemProxy */;
		};
/* End PBXTargetDependency section */

/* Begin PBXVariantGroup section */
		4B527A00248C850500387FDD /* Main.storyboard */ = {
			isa = PBXVariantGroup;
			children = (
				4B527A01248C850500387FDD /* Base */,
			);
			name = Main.storyboard;
			sourceTree = "<group>";
		};
		4B527A05248C850600387FDD /* LaunchScreen.storyboard */ = {
			isa = PBXVariantGroup;
			children = (
				4B527A06248C850600387FDD /* Base */,
			);
			name = LaunchScreen.storyboard;
			sourceTree = "<group>";
		};
/* End PBXVariantGroup section */

/* Begin XCBuildConfiguration section */
		4B527A14248C850600387FDD /* Debug */ = {
			isa = XCBuildConfiguration;
			buildSettings = {
				ALWAYS_SEARCH_USER_PATHS = NO;
				CLANG_ANALYZER_NONNULL = YES;
				CLANG_ANALYZER_NUMBER_OBJECT_CONVERSION = YES_AGGRESSIVE;
				CLANG_CXX_LANGUAGE_STANDARD = "gnu++14";
				CLANG_CXX_LIBRARY = "libc++";
				CLANG_ENABLE_MODULES = YES;
				CLANG_ENABLE_OBJC_ARC = YES;
				CLANG_ENABLE_OBJC_WEAK = YES;
				CLANG_WARN_BLOCK_CAPTURE_AUTORELEASING = YES;
				CLANG_WARN_BOOL_CONVERSION = YES;
				CLANG_WARN_COMMA = YES;
				CLANG_WARN_CONSTANT_CONVERSION = YES;
				CLANG_WARN_DEPRECATED_OBJC_IMPLEMENTATIONS = YES;
				CLANG_WARN_DIRECT_OBJC_ISA_USAGE = YES_ERROR;
				CLANG_WARN_DOCUMENTATION_COMMENTS = YES;
				CLANG_WARN_EMPTY_BODY = YES;
				CLANG_WARN_ENUM_CONVERSION = YES;
				CLANG_WARN_INFINITE_RECURSION = YES;
				CLANG_WARN_INT_CONVERSION = YES;
				CLANG_WARN_NON_LITERAL_NULL_CONVERSION = YES;
				CLANG_WARN_OBJC_IMPLICIT_RETAIN_SELF = YES;
				CLANG_WARN_OBJC_LITERAL_CONVERSION = YES;
				CLANG_WARN_OBJC_ROOT_CLASS = YES_ERROR;
				CLANG_WARN_RANGE_LOOP_ANALYSIS = YES;
				CLANG_WARN_STRICT_PROTOTYPES = YES;
				CLANG_WARN_SUSPICIOUS_MOVE = YES;
				CLANG_WARN_UNGUARDED_AVAILABILITY = YES_AGGRESSIVE;
				CLANG_WARN_UNREACHABLE_CODE = YES;
				CLANG_WARN__DUPLICATE_METHOD_MATCH = YES;
				COPY_PHASE_STRIP = NO;
				DEBUG_INFORMATION_FORMAT = dwarf;
				ENABLE_STRICT_OBJC_MSGSEND = YES;
				ENABLE_TESTABILITY = YES;
				GCC_C_LANGUAGE_STANDARD = gnu11;
				GCC_DYNAMIC_NO_PIC = NO;
				GCC_NO_COMMON_BLOCKS = YES;
				GCC_OPTIMIZATION_LEVEL = 0;
				GCC_PREPROCESSOR_DEFINITIONS = (
					"DEBUG=1",
					"$(inherited)",
				);
				GCC_WARN_64_TO_32_BIT_CONVERSION = YES;
				GCC_WARN_ABOUT_RETURN_TYPE = YES_ERROR;
				GCC_WARN_UNDECLARED_SELECTOR = YES;
				GCC_WARN_UNINITIALIZED_AUTOS = YES_AGGRESSIVE;
				GCC_WARN_UNUSED_FUNCTION = YES;
				GCC_WARN_UNUSED_VARIABLE = YES;
				IPHONEOS_DEPLOYMENT_TARGET = 13.0;
				MTL_ENABLE_DEBUG_INFO = INCLUDE_SOURCE;
				MTL_FAST_MATH = YES;
				ONLY_ACTIVE_ARCH = YES;
				SDKROOT = iphoneos;
				SWIFT_ACTIVE_COMPILATION_CONDITIONS = DEBUG;
				SWIFT_OPTIMIZATION_LEVEL = "-Onone";
			};
			name = Debug;
		};
		4B527A15248C850600387FDD /* Release */ = {
			isa = XCBuildConfiguration;
			buildSettings = {
				ALWAYS_SEARCH_USER_PATHS = NO;
				CLANG_ANALYZER_NONNULL = YES;
				CLANG_ANALYZER_NUMBER_OBJECT_CONVERSION = YES_AGGRESSIVE;
				CLANG_CXX_LANGUAGE_STANDARD = "gnu++14";
				CLANG_CXX_LIBRARY = "libc++";
				CLANG_ENABLE_MODULES = YES;
				CLANG_ENABLE_OBJC_ARC = YES;
				CLANG_ENABLE_OBJC_WEAK = YES;
				CLANG_WARN_BLOCK_CAPTURE_AUTORELEASING = YES;
				CLANG_WARN_BOOL_CONVERSION = YES;
				CLANG_WARN_COMMA = YES;
				CLANG_WARN_CONSTANT_CONVERSION = YES;
				CLANG_WARN_DEPRECATED_OBJC_IMPLEMENTATIONS = YES;
				CLANG_WARN_DIRECT_OBJC_ISA_USAGE = YES_ERROR;
				CLANG_WARN_DOCUMENTATION_COMMENTS = YES;
				CLANG_WARN_EMPTY_BODY = YES;
				CLANG_WARN_ENUM_CONVERSION = YES;
				CLANG_WARN_INFINITE_RECURSION = YES;
				CLANG_WARN_INT_CONVERSION = YES;
				CLANG_WARN_NON_LITERAL_NULL_CONVERSION = YES;
				CLANG_WARN_OBJC_IMPLICIT_RETAIN_SELF = YES;
				CLANG_WARN_OBJC_LITERAL_CONVERSION = YES;
				CLANG_WARN_OBJC_ROOT_CLASS = YES_ERROR;
				CLANG_WARN_RANGE_LOOP_ANALYSIS = YES;
				CLANG_WARN_STRICT_PROTOTYPES = YES;
				CLANG_WARN_SUSPICIOUS_MOVE = YES;
				CLANG_WARN_UNGUARDED_AVAILABILITY = YES_AGGRESSIVE;
				CLANG_WARN_UNREACHABLE_CODE = YES;
				CLANG_WARN__DUPLICATE_METHOD_MATCH = YES;
				COPY_PHASE_STRIP = NO;
				DEBUG_INFORMATION_FORMAT = "dwarf-with-dsym";
				ENABLE_NS_ASSERTIONS = NO;
				ENABLE_STRICT_OBJC_MSGSEND = YES;
				GCC_C_LANGUAGE_STANDARD = gnu11;
				GCC_NO_COMMON_BLOCKS = YES;
				GCC_WARN_64_TO_32_BIT_CONVERSION = YES;
				GCC_WARN_ABOUT_RETURN_TYPE = YES_ERROR;
				GCC_WARN_UNDECLARED_SELECTOR = YES;
				GCC_WARN_UNINITIALIZED_AUTOS = YES_AGGRESSIVE;
				GCC_WARN_UNUSED_FUNCTION = YES;
				GCC_WARN_UNUSED_VARIABLE = YES;
				IPHONEOS_DEPLOYMENT_TARGET = 13.0;
				MTL_ENABLE_DEBUG_INFO = NO;
				MTL_FAST_MATH = YES;
				SDKROOT = iphoneos;
				SWIFT_COMPILATION_MODE = wholemodule;
				SWIFT_OPTIMIZATION_LEVEL = "-O";
				VALIDATE_PRODUCT = YES;
			};
			name = Release;
		};
		4B527A17248C850600387FDD /* Debug */ = {
			isa = XCBuildConfiguration;
			buildSettings = {
				ASSETCATALOG_COMPILER_APPICON_NAME = AppIcon;
				CODE_SIGN_STYLE = Automatic;
				DEVELOPMENT_TEAM = N2G9FGLTJ8;
				INFOPLIST_FILE = PopImageExample/Info.plist;
				LD_RUNPATH_SEARCH_PATHS = (
					"$(inherited)",
					"@executable_path/Frameworks",
				);
				PRODUCT_BUNDLE_IDENTIFIER = com.cjwillis.PopImageExample;
				PRODUCT_NAME = "$(TARGET_NAME)";
				SWIFT_VERSION = 5.0;
				TARGETED_DEVICE_FAMILY = "1,2";
			};
			name = Debug;
		};
		4B527A18248C850600387FDD /* Release */ = {
			isa = XCBuildConfiguration;
			buildSettings = {
				ASSETCATALOG_COMPILER_APPICON_NAME = AppIcon;
				CODE_SIGN_STYLE = Automatic;
				DEVELOPMENT_TEAM = N2G9FGLTJ8;
				INFOPLIST_FILE = PopImageExample/Info.plist;
				LD_RUNPATH_SEARCH_PATHS = (
					"$(inherited)",
					"@executable_path/Frameworks",
				);
				PRODUCT_BUNDLE_IDENTIFIER = com.cjwillis.PopImageExample;
				PRODUCT_NAME = "$(TARGET_NAME)";
				SWIFT_VERSION = 5.0;
				TARGETED_DEVICE_FAMILY = "1,2";
			};
			name = Release;
		};
		4B527A1A248C850600387FDD /* Debug */ = {
			isa = XCBuildConfiguration;
			buildSettings = {
				ALWAYS_EMBED_SWIFT_STANDARD_LIBRARIES = YES;
				CODE_SIGN_STYLE = Automatic;
				DEVELOPMENT_TEAM = N2G9FGLTJ8;
				INFOPLIST_FILE = PopImageExampleUITests/Info.plist;
				LD_RUNPATH_SEARCH_PATHS = (
					"$(inherited)",
					"@executable_path/Frameworks",
					"@loader_path/Frameworks",
				);
				PRODUCT_BUNDLE_IDENTIFIER = com.cjwillis.PopImageExampleUITests;
				PRODUCT_NAME = "$(TARGET_NAME)";
				SWIFT_VERSION = 5.0;
				TARGETED_DEVICE_FAMILY = "1,2";
				TEST_TARGET_NAME = PopImageExample;
			};
			name = Debug;
		};
		4B527A1B248C850600387FDD /* Release */ = {
			isa = XCBuildConfiguration;
			buildSettings = {
				ALWAYS_EMBED_SWIFT_STANDARD_LIBRARIES = YES;
				CODE_SIGN_STYLE = Automatic;
				DEVELOPMENT_TEAM = N2G9FGLTJ8;
				INFOPLIST_FILE = PopImageExampleUITests/Info.plist;
				LD_RUNPATH_SEARCH_PATHS = (
					"$(inherited)",
					"@executable_path/Frameworks",
					"@loader_path/Frameworks",
				);
				PRODUCT_BUNDLE_IDENTIFIER = com.cjwillis.PopImageExampleUITests;
				PRODUCT_NAME = "$(TARGET_NAME)";
				SWIFT_VERSION = 5.0;
				TARGETED_DEVICE_FAMILY = "1,2";
				TEST_TARGET_NAME = PopImageExample;
			};
			name = Release;
		};
/* End XCBuildConfiguration section */

/* Begin XCConfigurationList section */
		4B5279F2248C850500387FDD /* Build configuration list for PBXProject "PopImageExample" */ = {
			isa = XCConfigurationList;
			buildConfigurations = (
				4B527A14248C850600387FDD /* Debug */,
				4B527A15248C850600387FDD /* Release */,
			);
			defaultConfigurationIsVisible = 0;
			defaultConfigurationName = Release;
		};
		4B527A16248C850600387FDD /* Build configuration list for PBXNativeTarget "PopImageExample" */ = {
			isa = XCConfigurationList;
			buildConfigurations = (
				4B527A17248C850600387FDD /* Debug */,
				4B527A18248C850600387FDD /* Release */,
			);
			defaultConfigurationIsVisible = 0;
			defaultConfigurationName = Release;
		};
		4B527A19248C850600387FDD /* Build configuration list for PBXNativeTarget "PopImageExampleUITests" */ = {
			isa = XCConfigurationList;
			buildConfigurations = (
				4B527A1A248C850600387FDD /* Debug */,
				4B527A1B248C850600387FDD /* Release */,
			);
			defaultConfigurationIsVisible = 0;
			defaultConfigurationName = Release;
		};
/* End XCConfigurationList section */
	};
	rootObject = 4B5279EF248C850500387FDD /* Project object */;
}
